// !$*UTF8*$!
{
	archiveVersion = 1;
	classes = {
	};
	objectVersion = 46;
	objects = {

/* Begin PBXBuildFile section */
		BCE9CF0416BB1FED00BF4901 /* Foundation.framework in Frameworks */ = {isa = PBXBuildFile; fileRef = BCE9CF0316BB1FED00BF4901 /* Foundation.framework */; };
		BCE9CF1316BB1FED00BF4901 /* SenTestingKit.framework in Frameworks */ = {isa = PBXBuildFile; fileRef = BCE9CF1216BB1FED00BF4901 /* SenTestingKit.framework */; };
		BCE9CF1516BB1FED00BF4901 /* UIKit.framework in Frameworks */ = {isa = PBXBuildFile; fileRef = BCE9CF1416BB1FED00BF4901 /* UIKit.framework */; };
		BCE9CF1616BB1FED00BF4901 /* Foundation.framework in Frameworks */ = {isa = PBXBuildFile; fileRef = BCE9CF0316BB1FED00BF4901 /* Foundation.framework */; };
		BCE9CF1916BB1FED00BF4901 /* libSwizzlers.a in Frameworks */ = {isa = PBXBuildFile; fileRef = BCE9CF0016BB1FED00BF4901 /* libSwizzlers.a */; };
		BCE9CF1F16BB1FED00BF4901 /* InfoPlist.strings in Resources */ = {isa = PBXBuildFile; fileRef = BCE9CF1D16BB1FED00BF4901 /* InfoPlist.strings */; };
		BCF8A0B716C45CB10019F58B /* nn_isaSwizzling.m in Sources */ = {isa = PBXBuildFile; fileRef = BCF8A0B616C45CB10019F58B /* nn_isaSwizzling.m */; };
		BCF8A0B916C45D0A0019F58B /* Swizzlers.h in Headers */ = {isa = PBXBuildFile; fileRef = BCE9CF0816BB1FED00BF4901 /* Swizzlers.h */; settings = {ATTRIBUTES = (Public, ); }; };
		BCF8A0BA16C45D100019F58B /* nn_isaSwizzling.h in Headers */ = {isa = PBXBuildFile; fileRef = BCF8A0B516C45CB10019F58B /* nn_isaSwizzling.h */; settings = {ATTRIBUTES = (Public, ); }; };
		BCF8A0BD16C45D400019F58B /* NNISASwizzledObject.h in Headers */ = {isa = PBXBuildFile; fileRef = BCF8A0BB16C45D400019F58B /* NNISASwizzledObject.h */; };
		BCF8A0BE16C45D400019F58B /* NNISASwizzledObject.m in Sources */ = {isa = PBXBuildFile; fileRef = BCF8A0BC16C45D400019F58B /* NNISASwizzledObject.m */; };
		BCF8A0C016C4639C0019F58B /* nn_isaSwizzling_Internal.h in Headers */ = {isa = PBXBuildFile; fileRef = BCF8A0BF16C4639C0019F58B /* nn_isaSwizzling_Internal.h */; };
		BCF8A0C316C464450019F58B /* NNISASwizzlingTests.m in Sources */ = {isa = PBXBuildFile; fileRef = BCF8A0C216C464450019F58B /* NNISASwizzlingTests.m */; };
		BCF8A0CB16C47ACF0019F58B /* debugger.c in Sources */ = {isa = PBXBuildFile; fileRef = BCF8A0C916C47ACF0019F58B /* debugger.c */; };
		BCF8A0CC16C47ACF0019F58B /* debugger.h in Headers */ = {isa = PBXBuildFile; fileRef = BCF8A0CA16C47ACF0019F58B /* debugger.h */; };
		BCF8A0CD16C47E200019F58B /* debugger.c in Sources */ = {isa = PBXBuildFile; fileRef = BCF8A0C916C47ACF0019F58B /* debugger.c */; };
/* End PBXBuildFile section */

/* Begin PBXContainerItemProxy section */
		BCE9CF1716BB1FED00BF4901 /* PBXContainerItemProxy */ = {
			isa = PBXContainerItemProxy;
			containerPortal = BCE9CEF816BB1FED00BF4901 /* Project object */;
			proxyType = 1;
			remoteGlobalIDString = BCE9CEFF16BB1FED00BF4901;
			remoteInfo = Swizzlers;
		};
/* End PBXContainerItemProxy section */

/* Begin PBXFileReference section */
		BCE9CF0016BB1FED00BF4901 /* libSwizzlers.a */ = {isa = PBXFileReference; explicitFileType = archive.ar; includeInIndex = 0; path = libSwizzlers.a; sourceTree = BUILT_PRODUCTS_DIR; };
		BCE9CF0316BB1FED00BF4901 /* Foundation.framework */ = {isa = PBXFileReference; lastKnownFileType = wrapper.framework; name = Foundation.framework; path = System/Library/Frameworks/Foundation.framework; sourceTree = SDKROOT; };
		BCE9CF0716BB1FED00BF4901 /* Swizzlers-Prefix.pch */ = {isa = PBXFileReference; lastKnownFileType = sourcecode.c.h; path = "Swizzlers-Prefix.pch"; sourceTree = "<group>"; };
		BCE9CF0816BB1FED00BF4901 /* Swizzlers.h */ = {isa = PBXFileReference; lastKnownFileType = sourcecode.c.h; path = Swizzlers.h; sourceTree = "<group>"; };
		BCE9CF1116BB1FED00BF4901 /* SwizzlersTests.octest */ = {isa = PBXFileReference; explicitFileType = wrapper.cfbundle; includeInIndex = 0; path = SwizzlersTests.octest; sourceTree = BUILT_PRODUCTS_DIR; };
		BCE9CF1216BB1FED00BF4901 /* SenTestingKit.framework */ = {isa = PBXFileReference; lastKnownFileType = wrapper.framework; name = SenTestingKit.framework; path = Library/Frameworks/SenTestingKit.framework; sourceTree = DEVELOPER_DIR; };
		BCE9CF1416BB1FED00BF4901 /* UIKit.framework */ = {isa = PBXFileReference; lastKnownFileType = wrapper.framework; name = UIKit.framework; path = Library/Frameworks/UIKit.framework; sourceTree = DEVELOPER_DIR; };
		BCE9CF1C16BB1FED00BF4901 /* SwizzlersTests-Info.plist */ = {isa = PBXFileReference; lastKnownFileType = text.plist.xml; path = "SwizzlersTests-Info.plist"; sourceTree = "<group>"; };
		BCE9CF1E16BB1FED00BF4901 /* en */ = {isa = PBXFileReference; lastKnownFileType = text.plist.strings; name = en; path = en.lproj/InfoPlist.strings; sourceTree = "<group>"; };
		BCF8A0B516C45CB10019F58B /* nn_isaSwizzling.h */ = {isa = PBXFileReference; fileEncoding = 4; lastKnownFileType = sourcecode.c.h; path = nn_isaSwizzling.h; sourceTree = "<group>"; };
		BCF8A0B616C45CB10019F58B /* nn_isaSwizzling.m */ = {isa = PBXFileReference; fileEncoding = 4; lastKnownFileType = sourcecode.c.objc; path = nn_isaSwizzling.m; sourceTree = "<group>"; };
		BCF8A0BB16C45D400019F58B /* NNISASwizzledObject.h */ = {isa = PBXFileReference; fileEncoding = 4; lastKnownFileType = sourcecode.c.h; path = NNISASwizzledObject.h; sourceTree = "<group>"; };
		BCF8A0BC16C45D400019F58B /* NNISASwizzledObject.m */ = {isa = PBXFileReference; fileEncoding = 4; lastKnownFileType = sourcecode.c.objc; path = NNISASwizzledObject.m; sourceTree = "<group>"; };
		BCF8A0BF16C4639C0019F58B /* nn_isaSwizzling_Internal.h */ = {isa = PBXFileReference; fileEncoding = 4; lastKnownFileType = sourcecode.c.h; path = nn_isaSwizzling_Internal.h; sourceTree = "<group>"; };
		BCF8A0C116C464450019F58B /* NNISASwizzlingTests.h */ = {isa = PBXFileReference; fileEncoding = 4; lastKnownFileType = sourcecode.c.h; path = NNISASwizzlingTests.h; sourceTree = "<group>"; };
		BCF8A0C216C464450019F58B /* NNISASwizzlingTests.m */ = {isa = PBXFileReference; fileEncoding = 4; lastKnownFileType = sourcecode.c.objc; path = NNISASwizzlingTests.m; sourceTree = "<group>"; };
		BCF8A0C916C47ACF0019F58B /* debugger.c */ = {isa = PBXFileReference; fileEncoding = 4; lastKnownFileType = sourcecode.c.c; name = debugger.c; path = Frameworks/Debugger/debugger.c; sourceTree = "<group>"; };
		BCF8A0CA16C47ACF0019F58B /* debugger.h */ = {isa = PBXFileReference; fileEncoding = 4; lastKnownFileType = sourcecode.c.h; name = debugger.h; path = Frameworks/Debugger/debugger.h; sourceTree = "<group>"; };
/* End PBXFileReference section */

/* Begin PBXFrameworksBuildPhase section */
		BCE9CEFD16BB1FED00BF4901 /* Frameworks */ = {
			isa = PBXFrameworksBuildPhase;
			buildActionMask = 2147483647;
			files = (
				BCE9CF0416BB1FED00BF4901 /* Foundation.framework in Frameworks */,
			);
			runOnlyForDeploymentPostprocessing = 0;
		};
		BCE9CF0D16BB1FED00BF4901 /* Frameworks */ = {
			isa = PBXFrameworksBuildPhase;
			buildActionMask = 2147483647;
			files = (
				BCE9CF1316BB1FED00BF4901 /* SenTestingKit.framework in Frameworks */,
				BCE9CF1516BB1FED00BF4901 /* UIKit.framework in Frameworks */,
				BCE9CF1616BB1FED00BF4901 /* Foundation.framework in Frameworks */,
				BCE9CF1916BB1FED00BF4901 /* libSwizzlers.a in Frameworks */,
			);
			runOnlyForDeploymentPostprocessing = 0;
		};
/* End PBXFrameworksBuildPhase section */

/* Begin PBXGroup section */
		BCE9CEF716BB1FED00BF4901 = {
			isa = PBXGroup;
			children = (
				BCE9CF0516BB1FED00BF4901 /* Swizzlers */,
				BCE9CF1A16BB1FED00BF4901 /* SwizzlersTests */,
				BCE9CF0216BB1FED00BF4901 /* Frameworks */,
				BCE9CF0116BB1FED00BF4901 /* Products */,
			);
			sourceTree = "<group>";
		};
		BCE9CF0116BB1FED00BF4901 /* Products */ = {
			isa = PBXGroup;
			children = (
				BCE9CF0016BB1FED00BF4901 /* libSwizzlers.a */,
				BCE9CF1116BB1FED00BF4901 /* SwizzlersTests.octest */,
			);
			name = Products;
			sourceTree = "<group>";
		};
		BCE9CF0216BB1FED00BF4901 /* Frameworks */ = {
			isa = PBXGroup;
			children = (
				BCF8A0C816C47AAF0019F58B /* Debugger */,
				BCE9CF0316BB1FED00BF4901 /* Foundation.framework */,
				BCE9CF1216BB1FED00BF4901 /* SenTestingKit.framework */,
				BCE9CF1416BB1FED00BF4901 /* UIKit.framework */,
			);
			name = Frameworks;
			sourceTree = "<group>";
		};
		BCE9CF0516BB1FED00BF4901 /* Swizzlers */ = {
			isa = PBXGroup;
			children = (
				BCE9CF0816BB1FED00BF4901 /* Swizzlers.h */,
				BCF8A0B516C45CB10019F58B /* nn_isaSwizzling.h */,
				BCF8A0B616C45CB10019F58B /* nn_isaSwizzling.m */,
				BCE9CF0616BB1FED00BF4901 /* Supporting Files */,
			);
			path = Swizzlers;
			sourceTree = "<group>";
		};
		BCE9CF0616BB1FED00BF4901 /* Supporting Files */ = {
			isa = PBXGroup;
			children = (
				BCF8A0BF16C4639C0019F58B /* nn_isaSwizzling_Internal.h */,
				BCF8A0BB16C45D400019F58B /* NNISASwizzledObject.h */,
				BCF8A0BC16C45D400019F58B /* NNISASwizzledObject.m */,
				BCE9CF0716BB1FED00BF4901 /* Swizzlers-Prefix.pch */,
			);
			name = "Supporting Files";
			sourceTree = "<group>";
		};
		BCE9CF1A16BB1FED00BF4901 /* SwizzlersTests */ = {
			isa = PBXGroup;
			children = (
				BCF8A0C116C464450019F58B /* NNISASwizzlingTests.h */,
				BCF8A0C216C464450019F58B /* NNISASwizzlingTests.m */,
				BCE9CF1B16BB1FED00BF4901 /* Supporting Files */,
			);
			path = SwizzlersTests;
			sourceTree = "<group>";
		};
		BCE9CF1B16BB1FED00BF4901 /* Supporting Files */ = {
			isa = PBXGroup;
			children = (
				BCE9CF1C16BB1FED00BF4901 /* SwizzlersTests-Info.plist */,
				BCE9CF1D16BB1FED00BF4901 /* InfoPlist.strings */,
			);
			name = "Supporting Files";
			sourceTree = "<group>";
		};
		BCF8A0C816C47AAF0019F58B /* Debugger */ = {
			isa = PBXGroup;
			children = (
				BCF8A0C916C47ACF0019F58B /* debugger.c */,
				BCF8A0CA16C47ACF0019F58B /* debugger.h */,
			);
			name = Debugger;
			sourceTree = "<group>";
		};
/* End PBXGroup section */

/* Begin PBXHeadersBuildPhase section */
		BCF8A0B816C45D020019F58B /* Headers */ = {
			isa = PBXHeadersBuildPhase;
			buildActionMask = 2147483647;
			files = (
				BCF8A0B916C45D0A0019F58B /* Swizzlers.h in Headers */,
				BCF8A0BA16C45D100019F58B /* nn_isaSwizzling.h in Headers */,
				BCF8A0BD16C45D400019F58B /* NNISASwizzledObject.h in Headers */,
				BCF8A0C016C4639C0019F58B /* nn_isaSwizzling_Internal.h in Headers */,
				BCF8A0CC16C47ACF0019F58B /* debugger.h in Headers */,
			);
			runOnlyForDeploymentPostprocessing = 0;
		};
/* End PBXHeadersBuildPhase section */

/* Begin PBXNativeTarget section */
		BCE9CEFF16BB1FED00BF4901 /* Swizzlers */ = {
			isa = PBXNativeTarget;
			buildConfigurationList = BCE9CF2516BB1FED00BF4901 /* Build configuration list for PBXNativeTarget "Swizzlers" */;
			buildPhases = (
				BCF8A0B816C45D020019F58B /* Headers */,
				BCE9CEFC16BB1FED00BF4901 /* Sources */,
				BCE9CEFD16BB1FED00BF4901 /* Frameworks */,
			);
			buildRules = (
			);
			dependencies = (
			);
			name = Swizzlers;
			productName = Swizzlers;
			productReference = BCE9CF0016BB1FED00BF4901 /* libSwizzlers.a */;
			productType = "com.apple.product-type.library.static";
		};
		BCE9CF1016BB1FED00BF4901 /* SwizzlersTests */ = {
			isa = PBXNativeTarget;
			buildConfigurationList = BCE9CF2816BB1FED00BF4901 /* Build configuration list for PBXNativeTarget "SwizzlersTests" */;
			buildPhases = (
				BCE9CF0C16BB1FED00BF4901 /* Sources */,
				BCE9CF0D16BB1FED00BF4901 /* Frameworks */,
				BCE9CF0E16BB1FED00BF4901 /* Resources */,
				BCE9CF0F16BB1FED00BF4901 /* ShellScript */,
			);
			buildRules = (
			);
			dependencies = (
				BCE9CF1816BB1FED00BF4901 /* PBXTargetDependency */,
			);
			name = SwizzlersTests;
			productName = SwizzlersTests;
			productReference = BCE9CF1116BB1FED00BF4901 /* SwizzlersTests.octest */;
			productType = "com.apple.product-type.bundle";
		};
/* End PBXNativeTarget section */

/* Begin PBXProject section */
		BCE9CEF816BB1FED00BF4901 /* Project object */ = {
			isa = PBXProject;
			attributes = {
				LastUpgradeCheck = 0460;
				ORGANIZATIONNAME = "Scott Perry";
			};
			buildConfigurationList = BCE9CEFB16BB1FED00BF4901 /* Build configuration list for PBXProject "Swizzlers" */;
			compatibilityVersion = "Xcode 3.2";
			developmentRegion = English;
			hasScannedForEncodings = 0;
			knownRegions = (
				en,
			);
			mainGroup = BCE9CEF716BB1FED00BF4901;
			productRefGroup = BCE9CF0116BB1FED00BF4901 /* Products */;
			projectDirPath = "";
			projectRoot = "";
			targets = (
				BCE9CEFF16BB1FED00BF4901 /* Swizzlers */,
				BCE9CF1016BB1FED00BF4901 /* SwizzlersTests */,
			);
		};
/* End PBXProject section */

/* Begin PBXResourcesBuildPhase section */
		BCE9CF0E16BB1FED00BF4901 /* Resources */ = {
			isa = PBXResourcesBuildPhase;
			buildActionMask = 2147483647;
			files = (
				BCE9CF1F16BB1FED00BF4901 /* InfoPlist.strings in Resources */,
			);
			runOnlyForDeploymentPostprocessing = 0;
		};
/* End PBXResourcesBuildPhase section */

/* Begin PBXShellScriptBuildPhase section */
		BCE9CF0F16BB1FED00BF4901 /* ShellScript */ = {
			isa = PBXShellScriptBuildPhase;
			buildActionMask = 2147483647;
			files = (
			);
			inputPaths = (
			);
			outputPaths = (
			);
			runOnlyForDeploymentPostprocessing = 0;
			shellPath = /bin/sh;
			shellScript = "# Run the unit tests in this test bundle.\n\"${SYSTEM_DEVELOPER_DIR}/Tools/RunUnitTests\"\n";
		};
/* End PBXShellScriptBuildPhase section */

/* Begin PBXSourcesBuildPhase section */
		BCE9CEFC16BB1FED00BF4901 /* Sources */ = {
			isa = PBXSourcesBuildPhase;
			buildActionMask = 2147483647;
			files = (
				BCF8A0B716C45CB10019F58B /* nn_isaSwizzling.m in Sources */,
				BCF8A0BE16C45D400019F58B /* NNISASwizzledObject.m in Sources */,
				BCF8A0CB16C47ACF0019F58B /* debugger.c in Sources */,
			);
			runOnlyForDeploymentPostprocessing = 0;
		};
		BCE9CF0C16BB1FED00BF4901 /* Sources */ = {
			isa = PBXSourcesBuildPhase;
			buildActionMask = 2147483647;
			files = (
				BCF8A0C316C464450019F58B /* NNISASwizzlingTests.m in Sources */,
				BCF8A0CD16C47E200019F58B /* debugger.c in Sources */,
			);
			runOnlyForDeploymentPostprocessing = 0;
		};
/* End PBXSourcesBuildPhase section */

/* Begin PBXTargetDependency section */
		BCE9CF1816BB1FED00BF4901 /* PBXTargetDependency */ = {
			isa = PBXTargetDependency;
			target = BCE9CEFF16BB1FED00BF4901 /* Swizzlers */;
			targetProxy = BCE9CF1716BB1FED00BF4901 /* PBXContainerItemProxy */;
		};
/* End PBXTargetDependency section */

/* Begin PBXVariantGroup section */
		BCE9CF1D16BB1FED00BF4901 /* InfoPlist.strings */ = {
			isa = PBXVariantGroup;
			children = (
				BCE9CF1E16BB1FED00BF4901 /* en */,
			);
			name = InfoPlist.strings;
			sourceTree = "<group>";
		};
/* End PBXVariantGroup section */

/* Begin XCBuildConfiguration section */
		BCE9CF2316BB1FED00BF4901 /* Debug */ = {
			isa = XCBuildConfiguration;
			buildSettings = {
				ALWAYS_SEARCH_USER_PATHS = NO;
				CLANG_ANALYZER_SECURITY_FLOATLOOPCOUNTER = YES;
				CLANG_ANALYZER_SECURITY_INSECUREAPI_RAND = YES;
				CLANG_ANALYZER_SECURITY_INSECUREAPI_STRCPY = YES;
				CLANG_CXX_LANGUAGE_STANDARD = "gnu++0x";
				CLANG_CXX_LIBRARY = "libc++";
				CLANG_ENABLE_OBJC_ARC = YES;
				CLANG_WARN_CONSTANT_CONVERSION = YES;
				CLANG_WARN_DEPRECATED_OBJC_IMPLEMENTATIONS = YES;
				CLANG_WARN_EMPTY_BODY = YES;
				CLANG_WARN_ENUM_CONVERSION = YES;
				CLANG_WARN_IMPLICIT_SIGN_CONVERSION = YES;
				CLANG_WARN_INT_CONVERSION = YES;
				CLANG_WARN_OBJC_IMPLICIT_ATOMIC_PROPERTIES = YES;
				CLANG_WARN_SUSPICIOUS_IMPLICIT_CONVERSION = YES;
				CLANG_WARN__DUPLICATE_METHOD_MATCH = YES;
				COPY_PHASE_STRIP = NO;
				GCC_C_LANGUAGE_STANDARD = gnu99;
				GCC_DYNAMIC_NO_PIC = NO;
				GCC_OPTIMIZATION_LEVEL = 0;
				GCC_PREPROCESSOR_DEFINITIONS = (
					"DEBUG=1",
					"$(inherited)",
				);
				GCC_SYMBOLS_PRIVATE_EXTERN = NO;
				GCC_TREAT_IMPLICIT_FUNCTION_DECLARATIONS_AS_ERRORS = YES;
				GCC_TREAT_WARNINGS_AS_ERRORS = NO;
				GCC_WARN_64_TO_32_BIT_CONVERSION = YES;
				GCC_WARN_ABOUT_DEPRECATED_FUNCTIONS = YES;
				GCC_WARN_ABOUT_MISSING_FIELD_INITIALIZERS = YES;
				GCC_WARN_ABOUT_MISSING_NEWLINE = YES;
				GCC_WARN_ABOUT_MISSING_PROTOTYPES = YES;
				GCC_WARN_ABOUT_POINTER_SIGNEDNESS = YES;
				GCC_WARN_ABOUT_RETURN_TYPE = YES;
				GCC_WARN_ALLOW_INCOMPLETE_PROTOCOL = YES;
				GCC_WARN_CHECK_SWITCH_STATEMENTS = YES;
				GCC_WARN_INHIBIT_ALL_WARNINGS = NO;
				GCC_WARN_INITIALIZER_NOT_FULLY_BRACKETED = YES;
				GCC_WARN_MISSING_PARENTHESES = YES;
				GCC_WARN_MULTIPLE_DEFINITION_TYPES_FOR_SELECTOR = YES;
				GCC_WARN_SHADOW = YES;
				GCC_WARN_SIGN_COMPARE = YES;
				GCC_WARN_TYPECHECK_CALLS_TO_PRINTF = YES;
				GCC_WARN_UNINITIALIZED_AUTOS = YES;
				GCC_WARN_UNKNOWN_PRAGMAS = YES;
				GCC_WARN_UNUSED_FUNCTION = YES;
				GCC_WARN_UNUSED_LABEL = YES;
				GCC_WARN_UNUSED_PARAMETER = YES;
				GCC_WARN_UNUSED_VALUE = YES;
				GCC_WARN_UNUSED_VARIABLE = YES;
				HEADER_SEARCH_PATHS = (
					"$(PROJECT_DIR)/Frameworks",
					$inherited,
				);
				IPHONEOS_DEPLOYMENT_TARGET = 6.1;
				ONLY_ACTIVE_ARCH = YES;
				PRIVATE_HEADERS_FOLDER_PATH = "$(PROJECT_NAME)/Private/";
				PUBLIC_HEADERS_FOLDER_PATH = "$(PROJECT_NAME)/";
				SDKROOT = iphoneos;
				WARNING_CFLAGS = "-Wall";
			};
			name = Debug;
		};
		BCE9CF2416BB1FED00BF4901 /* Release */ = {
			isa = XCBuildConfiguration;
			buildSettings = {
				ALWAYS_SEARCH_USER_PATHS = NO;
				CLANG_ANALYZER_SECURITY_FLOATLOOPCOUNTER = YES;
				CLANG_ANALYZER_SECURITY_INSECUREAPI_RAND = YES;
				CLANG_ANALYZER_SECURITY_INSECUREAPI_STRCPY = YES;
				CLANG_CXX_LANGUAGE_STANDARD = "gnu++0x";
				CLANG_CXX_LIBRARY = "libc++";
				CLANG_ENABLE_OBJC_ARC = YES;
				CLANG_WARN_CONSTANT_CONVERSION = YES;
				CLANG_WARN_DEPRECATED_OBJC_IMPLEMENTATIONS = YES;
				CLANG_WARN_EMPTY_BODY = YES;
				CLANG_WARN_ENUM_CONVERSION = YES;
				CLANG_WARN_IMPLICIT_SIGN_CONVERSION = YES;
				CLANG_WARN_INT_CONVERSION = YES;
				CLANG_WARN_OBJC_IMPLICIT_ATOMIC_PROPERTIES = YES;
				CLANG_WARN_SUSPICIOUS_IMPLICIT_CONVERSION = YES;
				CLANG_WARN__DUPLICATE_METHOD_MATCH = YES;
				COPY_PHASE_STRIP = YES;
				GCC_C_LANGUAGE_STANDARD = gnu99;
				GCC_TREAT_IMPLICIT_FUNCTION_DECLARATIONS_AS_ERRORS = YES;
				GCC_TREAT_WARNINGS_AS_ERRORS = NO;
				GCC_WARN_64_TO_32_BIT_CONVERSION = YES;
				GCC_WARN_ABOUT_DEPRECATED_FUNCTIONS = YES;
				GCC_WARN_ABOUT_MISSING_FIELD_INITIALIZERS = YES;
				GCC_WARN_ABOUT_MISSING_NEWLINE = YES;
				GCC_WARN_ABOUT_MISSING_PROTOTYPES = YES;
				GCC_WARN_ABOUT_POINTER_SIGNEDNESS = YES;
				GCC_WARN_ABOUT_RETURN_TYPE = YES;
				GCC_WARN_ALLOW_INCOMPLETE_PROTOCOL = YES;
				GCC_WARN_CHECK_SWITCH_STATEMENTS = YES;
				GCC_WARN_INHIBIT_ALL_WARNINGS = NO;
				GCC_WARN_INITIALIZER_NOT_FULLY_BRACKETED = YES;
				GCC_WARN_MISSING_PARENTHESES = YES;
				GCC_WARN_MULTIPLE_DEFINITION_TYPES_FOR_SELECTOR = YES;
				GCC_WARN_SHADOW = YES;
				GCC_WARN_SIGN_COMPARE = YES;
				GCC_WARN_TYPECHECK_CALLS_TO_PRINTF = YES;
				GCC_WARN_UNINITIALIZED_AUTOS = YES;
				GCC_WARN_UNKNOWN_PRAGMAS = YES;
				GCC_WARN_UNUSED_FUNCTION = YES;
				GCC_WARN_UNUSED_LABEL = YES;
				GCC_WARN_UNUSED_PARAMETER = YES;
				GCC_WARN_UNUSED_VALUE = YES;
				GCC_WARN_UNUSED_VARIABLE = YES;
				HEADER_SEARCH_PATHS = (
					"$(PROJECT_DIR)/Frameworks",
					$inherited,
				);
				IPHONEOS_DEPLOYMENT_TARGET = 6.1;
				PRIVATE_HEADERS_FOLDER_PATH = "$(PROJECT_NAME)/Private/";
				PUBLIC_HEADERS_FOLDER_PATH = "$(PROJECT_NAME)/";
				SDKROOT = iphoneos;
				VALIDATE_PRODUCT = YES;
				WARNING_CFLAGS = "-Wall";
			};
			name = Release;
		};
		BCE9CF2616BB1FED00BF4901 /* Debug */ = {
			isa = XCBuildConfiguration;
			buildSettings = {
				DSTROOT = /tmp/Swizzlers.dst;
				GCC_PRECOMPILE_PREFIX_HEADER = YES;
				GCC_PREFIX_HEADER = "Swizzlers/Swizzlers-Prefix.pch";
				OTHER_LDFLAGS = "-ObjC";
				PRODUCT_NAME = "$(TARGET_NAME)";
				SKIP_INSTALL = YES;
			};
			name = Debug;
		};
		BCE9CF2716BB1FED00BF4901 /* Release */ = {
			isa = XCBuildConfiguration;
			buildSettings = {
				DSTROOT = /tmp/Swizzlers.dst;
				GCC_PRECOMPILE_PREFIX_HEADER = YES;
				GCC_PREFIX_HEADER = "Swizzlers/Swizzlers-Prefix.pch";
				OTHER_LDFLAGS = "-ObjC";
				PRODUCT_NAME = "$(TARGET_NAME)";
				SKIP_INSTALL = YES;
			};
			name = Release;
		};
		BCE9CF2916BB1FED00BF4901 /* Debug */ = {
			isa = XCBuildConfiguration;
			buildSettings = {
				FRAMEWORK_SEARCH_PATHS = (
					"\"$(SDKROOT)/Developer/Library/Frameworks\"",
					"\"$(DEVELOPER_LIBRARY_DIR)/Frameworks\"",
				);
				GCC_PRECOMPILE_PREFIX_HEADER = YES;
				GCC_PREFIX_HEADER = "Swizzlers/Swizzlers-Prefix.pch";
				GCC_TREAT_WARNINGS_AS_ERRORS = NO;
				GCC_WARN_MULTIPLE_DEFINITION_TYPES_FOR_SELECTOR = NO;
				GCC_WARN_PEDANTIC = NO;
				INFOPLIST_FILE = "SwizzlersTests/SwizzlersTests-Info.plist";
				PRODUCT_NAME = "$(TARGET_NAME)";
				WRAPPER_EXTENSION = octest;
			};
			name = Debug;
		};
		BCE9CF2A16BB1FED00BF4901 /* Release */ = {
			isa = XCBuildConfiguration;
			buildSettings = {
				FRAMEWORK_SEARCH_PATHS = (
					"\"$(SDKROOT)/Developer/Library/Frameworks\"",
					"\"$(DEVELOPER_LIBRARY_DIR)/Frameworks\"",
				);
				GCC_PRECOMPILE_PREFIX_HEADER = YES;
				GCC_PREFIX_HEADER = "Swizzlers/Swizzlers-Prefix.pch";
				GCC_TREAT_WARNINGS_AS_ERRORS = NO;
				GCC_WARN_MULTIPLE_DEFINITION_TYPES_FOR_SELECTOR = NO;
				GCC_WARN_PEDANTIC = NO;
				INFOPLIST_FILE = "SwizzlersTests/SwizzlersTests-Info.plist";
				PRODUCT_NAME = "$(TARGET_NAME)";
				WRAPPER_EXTENSION = octest;
			};
			name = Release;
		};
/* End XCBuildConfiguration section */

/* Begin XCConfigurationList section */
		BCE9CEFB16BB1FED00BF4901 /* Build configuration list for PBXProject "Swizzlers" */ = {
			isa = XCConfigurationList;
			buildConfigurations = (
				BCE9CF2316BB1FED00BF4901 /* Debug */,
				BCE9CF2416BB1FED00BF4901 /* Release */,
			);
			defaultConfigurationIsVisible = 0;
			defaultConfigurationName = Release;
		};
		BCE9CF2516BB1FED00BF4901 /* Build configuration list for PBXNativeTarget "Swizzlers" */ = {
			isa = XCConfigurationList;
			buildConfigurations = (
				BCE9CF2616BB1FED00BF4901 /* Debug */,
				BCE9CF2716BB1FED00BF4901 /* Release */,
			);
			defaultConfigurationIsVisible = 0;
			defaultConfigurationName = Release;
		};
		BCE9CF2816BB1FED00BF4901 /* Build configuration list for PBXNativeTarget "SwizzlersTests" */ = {
			isa = XCConfigurationList;
			buildConfigurations = (
				BCE9CF2916BB1FED00BF4901 /* Debug */,
				BCE9CF2A16BB1FED00BF4901 /* Release */,
			);
			defaultConfigurationIsVisible = 0;
			defaultConfigurationName = Release;
		};
/* End XCConfigurationList section */
	};
	rootObject = BCE9CEF816BB1FED00BF4901 /* Project object */;
}
